
Microsoft Visual Studio Solution File, Format Version 12.00
# Visual Studio Version 17
VisualStudioVersion = 17.8.34330.188
MinimumVisualStudioVersion = 10.0.40219.1
Project("{FAE04EC0-301F-11D3-BF4B-00C04F79EFBC}") = "DevCard_Promote", "DevCard_Promote\DevCard_Promote.csproj", "{8254C0CE-46C4-4724-9EAD-DB1F3BECBEFC}"
EndProject
Global
	GlobalSection(SolutionConfigurationPlatforms) = preSolution
		Debug|Any CPU = Debug|Any CPU
		Release|Any CPU = Release|Any CPU
	EndGlobalSection
	GlobalSection(ProjectConfigurationPlatforms) = postSolution
		{8254C0CE-46C4-4724-9EAD-DB1F3BECBEFC}.Debug|Any CPU.ActiveCfg = Debug|Any CPU
		{8254C0CE-46C4-4724-9EAD-DB1F3BECBEFC}.Debug|Any CPU.Build.0 = Debug|Any CPU
		{8254C0CE-46C4-4724-9EAD-DB1F3BECBEFC}.Release|Any CPU.ActiveCfg = Release|Any CPU
		{8254C0CE-46C4-4724-9EAD-DB1F3BECBEFC}.Release|Any CPU.Build.0 = Release|Any CPU
	EndGlobalSection
	GlobalSection(SolutionProperties) = preSolution
		HideSolutionNode = FALSE
	EndGlobalSection
	GlobalSection(ExtensibilityGlobals) = postSolution
		SolutionGuid = {E87D347A-24AC-4D96-B07F-1D5A3E914784}
	EndGlobalSection
EndGlobal
